// !$*UTF8*$!
{
	archiveVersion = 1;
	classes = {
	};
	objectVersion = 53;
	objects = {

/* Begin PBXBuildFile section */
		A41E186D28B5995200BD21DD /* AppDelegate.swift in Sources */ = {isa = PBXBuildFile; fileRef = A41E186C28B5995200BD21DD /* AppDelegate.swift */; };
		A41E186F28B5995200BD21DD /* SceneDelegate.swift in Sources */ = {isa = PBXBuildFile; fileRef = A41E186E28B5995200BD21DD /* SceneDelegate.swift */; };
		A41E187128B5995200BD21DD /* ViewController.swift in Sources */ = {isa = PBXBuildFile; fileRef = A41E187028B5995200BD21DD /* ViewController.swift */; };
		A41E187428B5995200BD21DD /* Main.storyboard in Resources */ = {isa = PBXBuildFile; fileRef = A41E187228B5995200BD21DD /* Main.storyboard */; };
		A41E187628B5995300BD21DD /* Assets.xcassets in Resources */ = {isa = PBXBuildFile; fileRef = A41E187528B5995300BD21DD /* Assets.xcassets */; };
		A41E187928B5995300BD21DD /* LaunchScreen.storyboard in Resources */ = {isa = PBXBuildFile; fileRef = A41E187728B5995300BD21DD /* LaunchScreen.storyboard */; };
		A4235DA328C1710F00F61EB4 /* SwiftTooltipKit in Frameworks */ = {isa = PBXBuildFile; productRef = A4235DA228C1710F00F61EB4 /* SwiftTooltipKit */; };
/* End PBXBuildFile section */

/* Begin PBXFileReference section */
		A41E186928B5995200BD21DD /* SwiftTooltipDemo.app */ = {isa = PBXFileReference; explicitFileType = wrapper.application; includeInIndex = 0; path = SwiftTooltipDemo.app; sourceTree = BUILT_PRODUCTS_DIR; };
		A41E186C28B5995200BD21DD /* AppDelegate.swift */ = {isa = PBXFileReference; lastKnownFileType = sourcecode.swift; path = AppDelegate.swift; sourceTree = "<group>"; };
		A41E186E28B5995200BD21DD /* SceneDelegate.swift */ = {isa = PBXFileReference; lastKnownFileType = sourcecode.swift; path = SceneDelegate.swift; sourceTree = "<group>"; };
		A41E187028B5995200BD21DD /* ViewController.swift */ = {isa = PBXFileReference; lastKnownFileType = sourcecode.swift; path = ViewController.swift; sourceTree = "<group>"; };
		A41E187328B5995200BD21DD /* Base */ = {isa = PBXFileReference; lastKnownFileType = file.storyboard; name = Base; path = Base.lproj/Main.storyboard; sourceTree = "<group>"; };
		A41E187528B5995300BD21DD /* Assets.xcassets */ = {isa = PBXFileReference; lastKnownFileType = folder.assetcatalog; path = Assets.xcassets; sourceTree = "<group>"; };
		A41E187828B5995300BD21DD /* Base */ = {isa = PBXFileReference; lastKnownFileType = file.storyboard; name = Base; path = Base.lproj/LaunchScreen.storyboard; sourceTree = "<group>"; };
		A41E187A28B5995300BD21DD /* Info.plist */ = {isa = PBXFileReference; lastKnownFileType = text.plist.xml; path = Info.plist; sourceTree = "<group>"; };
		A43CFDC128C820A200450723 /* SwiftTooltipKit */ = {isa = PBXFileReference; lastKnownFileType = wrapper; name = SwiftTooltipKit; path = ../..; sourceTree = "<group>"; };
/* End PBXFileReference section */

/* Begin PBXFrameworksBuildPhase section */
		A41E186628B5995200BD21DD /* Frameworks */ = {
			isa = PBXFrameworksBuildPhase;
			buildActionMask = 2147483647;
			files = (
				A4235DA328C1710F00F61EB4 /* SwiftTooltipKit in Frameworks */,
			);
			runOnlyForDeploymentPostprocessing = 0;
		};
/* End PBXFrameworksBuildPhase section */

/* Begin PBXGroup section */
		A41E186028B5995200BD21DD = {
			isa = PBXGroup;
			children = (
				A43CFDC128C820A200450723 /* SwiftTooltipKit */,
				A41E186B28B5995200BD21DD /* SwiftTooltipDemo */,
				A41E186A28B5995200BD21DD /* Products */,
			);
			sourceTree = "<group>";
		};
		A41E186A28B5995200BD21DD /* Products */ = {
			isa = PBXGroup;
			children = (
				A41E186928B5995200BD21DD /* SwiftTooltipDemo.app */,
			);
			name = Products;
			sourceTree = "<group>";
		};
		A41E186B28B5995200BD21DD /* SwiftTooltipDemo */ = {
			isa = PBXGroup;
			children = (
				A41E186C28B5995200BD21DD /* AppDelegate.swift */,
				A41E186E28B5995200BD21DD /* SceneDelegate.swift */,
				A41E187028B5995200BD21DD /* ViewController.swift */,
				A41E187228B5995200BD21DD /* Main.storyboard */,
				A41E187528B5995300BD21DD /* Assets.xcassets */,
				A41E187728B5995300BD21DD /* LaunchScreen.storyboard */,
				A41E187A28B5995300BD21DD /* Info.plist */,
			);
			path = SwiftTooltipDemo;
			sourceTree = "<group>";
		};
/* End PBXGroup section */

/* Begin PBXNativeTarget section */
		A41E186828B5995200BD21DD /* SwiftTooltipDemo */ = {
			isa = PBXNativeTarget;
			buildConfigurationList = A41E187D28B5995300BD21DD /* Build configuration list for PBXNativeTarget "SwiftTooltipDemo" */;
			buildPhases = (
				A41E186528B5995200BD21DD /* Sources */,
				A41E186628B5995200BD21DD /* Frameworks */,
				A41E186728B5995200BD21DD /* Resources */,
			);
			buildRules = (
			);
			dependencies = (
			);
			name = SwiftTooltipDemo;
			packageProductDependencies = (
				A4235DA228C1710F00F61EB4 /* SwiftTooltipKit */,
			);
			productName = SwiftTooltipDemo;
			productReference = A41E186928B5995200BD21DD /* SwiftTooltipDemo.app */;
			productType = "com.apple.product-type.application";
		};
/* End PBXNativeTarget section */

/* Begin PBXProject section */
		A41E186128B5995200BD21DD /* Project object */ = {
			isa = PBXProject;
			attributes = {
				BuildIndependentTargetsInParallel = 1;
				LastSwiftUpdateCheck = 1400;
				LastUpgradeCheck = 1400;
				TargetAttributes = {
					A41E186828B5995200BD21DD = {
						CreatedOnToolsVersion = 14.0;
					};
				};
			};
			buildConfigurationList = A41E186428B5995200BD21DD /* Build configuration list for PBXProject "SwiftTooltipDemo" */;
			compatibilityVersion = "Xcode 11.0";
			developmentRegion = en;
			hasScannedForEncodings = 0;
			knownRegions = (
				en,
				Base,
			);
			mainGroup = A41E186028B5995200BD21DD;
			packageReferences = (
				A4235DA128C1710F00F61EB4 /* XCRemoteSwiftPackageReference "SwiftTooltipKit" */,
			);
			productRefGroup = A41E186A28B5995200BD21DD /* Products */;
			projectDirPath = "";
			projectRoot = "";
			targets = (
				A41E186828B5995200BD21DD /* SwiftTooltipDemo */,
			);
		};
/* End PBXProject section */

/* Begin PBXResourcesBuildPhase section */
		A41E186728B5995200BD21DD /* Resources */ = {
			isa = PBXResourcesBuildPhase;
			buildActionMask = 2147483647;
			files = (
				A41E187928B5995300BD21DD /* LaunchScreen.storyboard in Resources */,
				A41E187628B5995300BD21DD /* Assets.xcassets in Resources */,
				A41E187428B5995200BD21DD /* Main.storyboard in Resources */,
			);
			runOnlyForDeploymentPostprocessing = 0;
		};
/* End PBXResourcesBuildPhase section */

/* Begin PBXSourcesBuildPhase section */
		A41E186528B5995200BD21DD /* Sources */ = {
			isa = PBXSourcesBuildPhase;
			buildActionMask = 2147483647;
			files = (
				A41E187128B5995200BD21DD /* ViewController.swift in Sources */,
				A41E186D28B5995200BD21DD /* AppDelegate.swift in Sources */,
				A41E186F28B5995200BD21DD /* SceneDelegate.swift in Sources */,
			);
			runOnlyForDeploymentPostprocessing = 0;
		};
/* End PBXSourcesBuildPhase section */

/* Begin PBXVariantGroup section */
		A41E187228B5995200BD21DD /* Main.storyboard */ = {
			isa = PBXVariantGroup;
			children = (
				A41E187328B5995200BD21DD /* Base */,
			);
			name = Main.storyboard;
			sourceTree = "<group>";
		};
		A41E187728B5995300BD21DD /* LaunchScreen.storyboard */ = {
			isa = PBXVariantGroup;
			children = (
				A41E187828B5995300BD21DD /* Base */,
			);
			name = LaunchScreen.storyboard;
			sourceTree = "<group>";
		};
/* End PBXVariantGroup section */

/* Begin XCBuildConfiguration section */
		A41E187B28B5995300BD21DD /* Debug */ = {
			isa = XCBuildConfiguration;
			buildSettings = {
				ALWAYS_SEARCH_USER_PATHS = NO;
				CLANG_ANALYZER_NONNULL = YES;
				CLANG_ANALYZER_NUMBER_OBJECT_CONVERSION = YES_AGGRESSIVE;
				CLANG_CXX_LANGUAGE_STANDARD = "gnu++20";
				CLANG_ENABLE_MODULES = YES;
				CLANG_ENABLE_OBJC_ARC = YES;
				CLANG_ENABLE_OBJC_WEAK = YES;
				CLANG_WARN_BLOCK_CAPTURE_AUTORELEASING = YES;
				CLANG_WARN_BOOL_CONVERSION = YES;
				CLANG_WARN_COMMA = YES;
				CLANG_WARN_CONSTANT_CONVERSION = YES;
				CLANG_WARN_DEPRECATED_OBJC_IMPLEMENTATIONS = YES;
				CLANG_WARN_DIRECT_OBJC_ISA_USAGE = YES_ERROR;
				CLANG_WARN_DOCUMENTATION_COMMENTS = YES;
				CLANG_WARN_EMPTY_BODY = YES;
				CLANG_WARN_ENUM_CONVERSION = YES;
				CLANG_WARN_INFINITE_RECURSION = YES;
				CLANG_WARN_INT_CONVERSION = YES;
				CLANG_WARN_NON_LITERAL_NULL_CONVERSION = YES;
				CLANG_WARN_OBJC_IMPLICIT_RETAIN_SELF = YES;
				CLANG_WARN_OBJC_LITERAL_CONVERSION = YES;
				CLANG_WARN_OBJC_ROOT_CLASS = YES_ERROR;
				CLANG_WARN_QUOTED_INCLUDE_IN_FRAMEWORK_HEADER = YES;
				CLANG_WARN_RANGE_LOOP_ANALYSIS = YES;
				CLANG_WARN_STRICT_PROTOTYPES = YES;
				CLANG_WARN_SUSPICIOUS_MOVE = YES;
				CLANG_WARN_UNGUARDED_AVAILABILITY = YES_AGGRESSIVE;
				CLANG_WARN_UNREACHABLE_CODE = YES;
				CLANG_WARN__DUPLICATE_METHOD_MATCH = YES;
				COPY_PHASE_STRIP = NO;
				DEBUG_INFORMATION_FORMAT = dwarf;
				ENABLE_STRICT_OBJC_MSGSEND = YES;
				ENABLE_TESTABILITY = YES;
				GCC_C_LANGUAGE_STANDARD = gnu11;
				GCC_DYNAMIC_NO_PIC = NO;
				GCC_NO_COMMON_BLOCKS = YES;
				GCC_OPTIMIZATION_LEVEL = 0;
				GCC_PREPROCESSOR_DEFINITIONS = (
					"DEBUG=1",
					"$(inherited)",
				);
				GCC_WARN_64_TO_32_BIT_CONVERSION = YES;
				GCC_WARN_ABOUT_RETURN_TYPE = YES_ERROR;
				GCC_WARN_UNDECLARED_SELECTOR = YES;
				GCC_WARN_UNINITIALIZED_AUTOS = YES_AGGRESSIVE;
				GCC_WARN_UNUSED_FUNCTION = YES;
				GCC_WARN_UNUSED_VARIABLE = YES;
				IPHONEOS_DEPLOYMENT_TARGET = 13.0;
				MTL_ENABLE_DEBUG_INFO = INCLUDE_SOURCE;
				MTL_FAST_MATH = YES;
				ONLY_ACTIVE_ARCH = YES;
				SDKROOT = iphoneos;
				SWIFT_ACTIVE_COMPILATION_CONDITIONS = DEBUG;
				SWIFT_OPTIMIZATION_LEVEL = "-Onone";
			};
			name = Debug;
		};
		A41E187C28B5995300BD21DD /* Release */ = {
			isa = XCBuildConfiguration;
			buildSettings = {
				ALWAYS_SEARCH_USER_PATHS = NO;
				CLANG_ANALYZER_NONNULL = YES;
				CLANG_ANALYZER_NUMBER_OBJECT_CONVERSION = YES_AGGRESSIVE;
				CLANG_CXX_LANGUAGE_STANDARD = "gnu++20";
				CLANG_ENABLE_MODULES = YES;
				CLANG_ENABLE_OBJC_ARC = YES;
				CLANG_ENABLE_OBJC_WEAK = YES;
				CLANG_WARN_BLOCK_CAPTURE_AUTORELEASING = YES;
				CLANG_WARN_BOOL_CONVERSION = YES;
				CLANG_WARN_COMMA = YES;
				CLANG_WARN_CONSTANT_CONVERSION = YES;
				CLANG_WARN_DEPRECATED_OBJC_IMPLEMENTATIONS = YES;
				CLANG_WARN_DIRECT_OBJC_ISA_USAGE = YES_ERROR;
				CLANG_WARN_DOCUMENTATION_COMMENTS = YES;
				CLANG_WARN_EMPTY_BODY = YES;
				CLANG_WARN_ENUM_CONVERSION = YES;
				CLANG_WARN_INFINITE_RECURSION = YES;
				CLANG_WARN_INT_CONVERSION = YES;
				CLANG_WARN_NON_LITERAL_NULL_CONVERSION = YES;
				CLANG_WARN_OBJC_IMPLICIT_RETAIN_SELF = YES;
				CLANG_WARN_OBJC_LITERAL_CONVERSION = YES;
				CLANG_WARN_OBJC_ROOT_CLASS = YES_ERROR;
				CLANG_WARN_QUOTED_INCLUDE_IN_FRAMEWORK_HEADER = YES;
				CLANG_WARN_RANGE_LOOP_ANALYSIS = YES;
				CLANG_WARN_STRICT_PROTOTYPES = YES;
				CLANG_WARN_SUSPICIOUS_MOVE = YES;
				CLANG_WARN_UNGUARDED_AVAILABILITY = YES_AGGRESSIVE;
				CLANG_WARN_UNREACHABLE_CODE = YES;
				CLANG_WARN__DUPLICATE_METHOD_MATCH = YES;
				COPY_PHASE_STRIP = NO;
				DEBUG_INFORMATION_FORMAT = "dwarf-with-dsym";
				ENABLE_NS_ASSERTIONS = NO;
				ENABLE_STRICT_OBJC_MSGSEND = YES;
				GCC_C_LANGUAGE_STANDARD = gnu11;
				GCC_NO_COMMON_BLOCKS = YES;
				GCC_WARN_64_TO_32_BIT_CONVERSION = YES;
				GCC_WARN_ABOUT_RETURN_TYPE = YES_ERROR;
				GCC_WARN_UNDECLARED_SELECTOR = YES;
				GCC_WARN_UNINITIALIZED_AUTOS = YES_AGGRESSIVE;
				GCC_WARN_UNUSED_FUNCTION = YES;
				GCC_WARN_UNUSED_VARIABLE = YES;
				IPHONEOS_DEPLOYMENT_TARGET = 13.0;
				MTL_ENABLE_DEBUG_INFO = NO;
				MTL_FAST_MATH = YES;
				SDKROOT = iphoneos;
				SWIFT_COMPILATION_MODE = wholemodule;
				SWIFT_OPTIMIZATION_LEVEL = "-O";
				VALIDATE_PRODUCT = YES;
			};
			name = Release;
		};
		A41E187E28B5995300BD21DD /* Debug */ = {
			isa = XCBuildConfiguration;
			buildSettings = {
				ASSETCATALOG_COMPILER_APPICON_NAME = AppIcon;
				ASSETCATALOG_COMPILER_GLOBAL_ACCENT_COLOR_NAME = AccentColor;
				CODE_SIGN_STYLE = Automatic;
				CURRENT_PROJECT_VERSION = 1;
				GENERATE_INFOPLIST_FILE = YES;
				INFOPLIST_FILE = SwiftTooltipDemo/Info.plist;
				INFOPLIST_KEY_UIApplicationSupportsIndirectInputEvents = YES;
				INFOPLIST_KEY_UILaunchStoryboardName = LaunchScreen;
				INFOPLIST_KEY_UIMainStoryboardFile = Main;
				INFOPLIST_KEY_UISupportedInterfaceOrientations_iPad = "UIInterfaceOrientationPortrait UIInterfaceOrientationPortraitUpsideDown UIInterfaceOrientationLandscapeLeft UIInterfaceOrientationLandscapeRight";
				INFOPLIST_KEY_UISupportedInterfaceOrientations_iPhone = "UIInterfaceOrientationPortrait UIInterfaceOrientationLandscapeLeft UIInterfaceOrientationLandscapeRight";
				LD_RUNPATH_SEARCH_PATHS = (
					"$(inherited)",
					"@executable_path/Frameworks",
				);
				MARKETING_VERSION = 1.0;
				PRODUCT_BUNDLE_IDENTIFIER = com.SwiftTooltipDemo;
				PRODUCT_NAME = "$(TARGET_NAME)";
				SWIFT_EMIT_LOC_STRINGS = YES;
				SWIFT_VERSION = 5.0;
				TARGETED_DEVICE_FAMILY = "1,2";
			};
			name = Debug;
		};
		A41E187F28B5995300BD21DD /* Release */ = {
			isa = XCBuildConfiguration;
			buildSettings = {
				ASSETCATALOG_COMPILER_APPICON_NAME = AppIcon;
				ASSETCATALOG_COMPILER_GLOBAL_ACCENT_COLOR_NAME = AccentColor;
				CODE_SIGN_STYLE = Automatic;
				CURRENT_PROJECT_VERSION = 1;
				GENERATE_INFOPLIST_FILE = YES;
				INFOPLIST_FILE = SwiftTooltipDemo/Info.plist;
				INFOPLIST_KEY_UIApplicationSupportsIndirectInputEvents = YES;
				INFOPLIST_KEY_UILaunchStoryboardName = LaunchScreen;
				INFOPLIST_KEY_UIMainStoryboardFile = Main;
				INFOPLIST_KEY_UISupportedInterfaceOrientations_iPad = "UIInterfaceOrientationPortrait UIInterfaceOrientationPortraitUpsideDown UIInterfaceOrientationLandscapeLeft UIInterfaceOrientationLandscapeRight";
				INFOPLIST_KEY_UISupportedInterfaceOrientations_iPhone = "UIInterfaceOrientationPortrait UIInterfaceOrientationLandscapeLeft UIInterfaceOrientationLandscapeRight";
				LD_RUNPATH_SEARCH_PATHS = (
					"$(inherited)",
					"@executable_path/Frameworks",
				);
				MARKETING_VERSION = 1.0;
				PRODUCT_BUNDLE_IDENTIFIER = com.SwiftTooltipDemo;
				PRODUCT_NAME = "$(TARGET_NAME)";
				SWIFT_EMIT_LOC_STRINGS = YES;
				SWIFT_VERSION = 5.0;
				TARGETED_DEVICE_FAMILY = "1,2";
			};
			name = Release;
		};
/* End XCBuildConfiguration section */

/* Begin XCConfigurationList section */
		A41E186428B5995200BD21DD /* Build configuration list for PBXProject "SwiftTooltipDemo" */ = {
			isa = XCConfigurationList;
			buildConfigurations = (
				A41E187B28B5995300BD21DD /* Debug */,
				A41E187C28B5995300BD21DD /* Release */,
			);
			defaultConfigurationIsVisible = 0;
			defaultConfigurationName = Release;
		};
		A41E187D28B5995300BD21DD /* Build configuration list for PBXNativeTarget "SwiftTooltipDemo" */ = {
			isa = XCConfigurationList;
			buildConfigurations = (
				A41E187E28B5995300BD21DD /* Debug */,
				A41E187F28B5995300BD21DD /* Release */,
			);
			defaultConfigurationIsVisible = 0;
			defaultConfigurationName = Release;
		};
/* End XCConfigurationList section */

/* Begin XCRemoteSwiftPackageReference section */
		A4235DA128C1710F00F61EB4 /* XCRemoteSwiftPackageReference "SwiftTooltipKit" */ = {
			isa = XCRemoteSwiftPackageReference;
			repositoryURL = "https://github.com/randarnold/SwiftTooltipKit.git";
			requirement = {
				branch = develop;
				kind = branch;
			};
		};
/* End XCRemoteSwiftPackageReference section */

/* Begin XCSwiftPackageProductDependency section */
		A4235DA228C1710F00F61EB4 /* SwiftTooltipKit */ = {
			isa = XCSwiftPackageProductDependency;
			package = A4235DA128C1710F00F61EB4 /* XCRemoteSwiftPackageReference "SwiftTooltipKit" */;
			productName = SwiftTooltipKit;
		};
/* End XCSwiftPackageProductDependency section */
	};
	rootObject = A41E186128B5995200BD21DD /* Project object */;
}
